
Microsoft Visual Studio Solution File, Format Version 12.00
# Visual Studio Version 17
VisualStudioVersion = 17.5.002.0
MinimumVisualStudioVersion = 10.0.40219.1
Project("{9A19103F-16F7-4668-BE54-9A1E7A4F7556}") = "Certification2", "Certification2.csproj", "{8E31B5AC-63AB-46CE-B67A-995EA190C1D4}"
EndProject
Global
	GlobalSection(SolutionConfigurationPlatforms) = preSolution
		Debug|Any CPU = Debug|Any CPU
		Release|Any CPU = Release|Any CPU
	EndGlobalSection
	GlobalSection(ProjectConfigurationPlatforms) = postSolution
		{8E31B5AC-63AB-46CE-B67A-995EA190C1D4}.Debug|Any CPU.ActiveCfg = Debug|Any CPU
		{8E31B5AC-63AB-46CE-B67A-995EA190C1D4}.Debug|Any CPU.Build.0 = Debug|Any CPU
		{8E31B5AC-63AB-46CE-B67A-995EA190C1D4}.Release|Any CPU.ActiveCfg = Release|Any CPU
		{8E31B5AC-63AB-46CE-B67A-995EA190C1D4}.Release|Any CPU.Build.0 = Release|Any CPU
	EndGlobalSection
	GlobalSection(SolutionProperties) = preSolution
		HideSolutionNode = FALSE
	EndGlobalSection
	GlobalSection(ExtensibilityGlobals) = postSolution
		SolutionGuid = {4AF21833-B279-4A87-938C-4F4BA2B227EB}
	EndGlobalSection
EndGlobal
