
Microsoft Visual Studio Solution File, Format Version 12.00
# Visual Studio Version 17
VisualStudioVersion = 17.5.002.0
MinimumVisualStudioVersion = 10.0.40219.1
Project("{9A19103F-16F7-4668-BE54-9A1E7A4F7556}") = "Нomework4", "Нomework4.csproj", "{EC1F3ED6-357B-4E7F-9377-D3325A9955A3}"
EndProject
Global
	GlobalSection(SolutionConfigurationPlatforms) = preSolution
		Debug|Any CPU = Debug|Any CPU
		Release|Any CPU = Release|Any CPU
	EndGlobalSection
	GlobalSection(ProjectConfigurationPlatforms) = postSolution
		{EC1F3ED6-357B-4E7F-9377-D3325A9955A3}.Debug|Any CPU.ActiveCfg = Debug|Any CPU
		{EC1F3ED6-357B-4E7F-9377-D3325A9955A3}.Debug|Any CPU.Build.0 = Debug|Any CPU
		{EC1F3ED6-357B-4E7F-9377-D3325A9955A3}.Release|Any CPU.ActiveCfg = Release|Any CPU
		{EC1F3ED6-357B-4E7F-9377-D3325A9955A3}.Release|Any CPU.Build.0 = Release|Any CPU
	EndGlobalSection
	GlobalSection(SolutionProperties) = preSolution
		HideSolutionNode = FALSE
	EndGlobalSection
	GlobalSection(ExtensibilityGlobals) = postSolution
		SolutionGuid = {6477EF1F-55A8-46F0-88AF-70716B41A738}
	EndGlobalSection
EndGlobal
